
Microsoft Visual Studio Solution File, Format Version 12.00
# Visual Studio Version 17
VisualStudioVersion = 17.0.31912.275
MinimumVisualStudioVersion = 10.0.40219.1
Project("{FAE04EC0-301F-11D3-BF4B-00C04F79EFBC}") = "Practice.App", "Practice.App\Practice.App.csproj", "{EABB8C68-C7CF-464E-8767-4D35E2444C12}"
EndProject
Project("{FAE04EC0-301F-11D3-BF4B-00C04F79EFBC}") = "Practice.App.Tests", "Practice.App.Tests\Practice.App.Tests.csproj", "{DBC73E2A-24EA-4824-AB9E-023DB82C8EDE}"
EndProject
Global
	GlobalSection(SolutionConfigurationPlatforms) = preSolution
		Debug|Any CPU = Debug|Any CPU
		Release|Any CPU = Release|Any CPU
	EndGlobalSection
	GlobalSection(ProjectConfigurationPlatforms) = postSolution
		{EABB8C68-C7CF-464E-8767-4D35E2444C12}.Debug|Any CPU.ActiveCfg = Debug|Any CPU
		{EABB8C68-C7CF-464E-8767-4D35E2444C12}.Debug|Any CPU.Build.0 = Debug|Any CPU
		{EABB8C68-C7CF-464E-8767-4D35E2444C12}.Release|Any CPU.ActiveCfg = Release|Any CPU
		{EABB8C68-C7CF-464E-8767-4D35E2444C12}.Release|Any CPU.Build.0 = Release|Any CPU
		{DBC73E2A-24EA-4824-AB9E-023DB82C8EDE}.Debug|Any CPU.ActiveCfg = Debug|Any CPU
		{DBC73E2A-24EA-4824-AB9E-023DB82C8EDE}.Debug|Any CPU.Build.0 = Debug|Any CPU
		{DBC73E2A-24EA-4824-AB9E-023DB82C8EDE}.Release|Any CPU.ActiveCfg = Release|Any CPU
		{DBC73E2A-24EA-4824-AB9E-023DB82C8EDE}.Release|Any CPU.Build.0 = Release|Any CPU
	EndGlobalSection
	GlobalSection(SolutionProperties) = preSolution
		HideSolutionNode = FALSE
	EndGlobalSection
	GlobalSection(ExtensibilityGlobals) = postSolution
		SolutionGuid = {0261B8EB-A698-4078-8D24-3F98B3F0125B}
	EndGlobalSection
EndGlobal
